{
  "name": "seguimientopedidos",
  "lockfileVersion": 3,
  "requires": true,
  "packages": {
    "": {
      "dependencies": {
        "angular-ui-bootstrap": "^2.5.6",
        "ng-file-saver": "^1.0.1"
      }
    },
    "node_modules/angular-ui-bootstrap": {
      "version": "2.5.6",
      "resolved": "https://registry.npmjs.org/angular-ui-bootstrap/-/angular-ui-bootstrap-2.5.6.tgz",
      "integrity": "sha512-yzcHpPMLQl0232nDzm5P4iAFTFQ9dMw0QgFLuKYbDj9M0xJ62z0oudYD/Lvh1pWfRsukiytP4Xj6BHOSrSXP8A=="
    },
    "node_modules/blob-tmp": {
      "version": "1.0.0",
      "resolved": "https://registry.npmjs.org/blob-tmp/-/blob-tmp-1.0.0.tgz",
      "integrity": "sha512-RTImmCaQkiW07iT+n82zNo5OF/QsAx2hDlzdwgtDyI7VQPF2gQK/aGyEBNyUdtFyNNOsYNSm7LI0n5wctG6QUA=="
    },
    "node_modules/file-saver": {
      "version": "1.3.8",
      "resolved": "https://registry.npmjs.org/file-saver/-/file-saver-1.3.8.tgz",
      "integrity": "sha512-spKHSBQIxxS81N/O21WmuXA2F6wppUCsutpzenOeZzOCCJ5gEfcbqJP983IrpLXzYmXnMUa6J03SubcNPdKrlg=="
    },
    "node_modules/ng-file-saver": {
      "version": "1.0.1",
      "resolved": "https://registry.npmjs.org/ng-file-saver/-/ng-file-saver-1.0.1.tgz",
      "integrity": "sha512-xo54LnAMqqqDKwy0wp22ONQqyl3Fjr1hbQReyuqpExKSsoAgqEhuPfMlITIlBZwDCHx2bHUw2SpRHI59SRXMEw==",
      "dependencies": {
        "blob-tmp": "^1.0.0",
        "file-saver": "^1.3.3"
      },
      "engines": {
        "node": ">=0.12"
      }
    }
  }
}
